// !$*UTF8*$!
{
	archiveVersion = 1;
	classes = {
	};
	objectVersion = 50;
	objects = {

/* Begin PBXBuildFile section */
		2E96056D24D91E69009093A6 /* Diabetes.mlmodel in Sources */ = {isa = PBXBuildFile; fileRef = 2E96056C24D91E69009093A6 /* Diabetes.mlmodel */; };
		2EB6A3BF24D813C9002E71EF /* AppDelegate.swift in Sources */ = {isa = PBXBuildFile; fileRef = 2EB6A3BE24D813C9002E71EF /* AppDelegate.swift */; };
		2EB6A3C124D813C9002E71EF /* SceneDelegate.swift in Sources */ = {isa = PBXBuildFile; fileRef = 2EB6A3C024D813C9002E71EF /* SceneDelegate.swift */; };
		2EB6A3C324D813C9002E71EF /* ContentView.swift in Sources */ = {isa = PBXBuildFile; fileRef = 2EB6A3C224D813C9002E71EF /* ContentView.swift */; };
		2EB6A3C524D813CC002E71EF /* Assets.xcassets in Resources */ = {isa = PBXBuildFile; fileRef = 2EB6A3C424D813CC002E71EF /* Assets.xcassets */; };
		2EB6A3C824D813CC002E71EF /* Preview Assets.xcassets in Resources */ = {isa = PBXBuildFile; fileRef = 2EB6A3C724D813CC002E71EF /* Preview Assets.xcassets */; };
		2EB6A3CB24D813CC002E71EF /* LaunchScreen.storyboard in Resources */ = {isa = PBXBuildFile; fileRef = 2EB6A3C924D813CC002E71EF /* LaunchScreen.storyboard */; };
		2EB6A3D324D820D7002E71EF /* Analysis-Heart.swift in Sources */ = {isa = PBXBuildFile; fileRef = 2EB6A3D224D820D7002E71EF /* Analysis-Heart.swift */; };
		2EB6A3D724D82192002E71EF /* Heart.mlmodel in Sources */ = {isa = PBXBuildFile; fileRef = 2EB6A3D624D82192002E71EF /* Heart.mlmodel */; };
/* End PBXBuildFile section */

/* Begin PBXFileReference section */
		2E96056C24D91E69009093A6 /* Diabetes.mlmodel */ = {isa = PBXFileReference; lastKnownFileType = file.mlmodel; name = Diabetes.mlmodel; path = ../../Health/Diabetes.mlmodel; sourceTree = "<group>"; };
		2EB6A3BB24D813C9002E71EF /* Health Analysis.app */ = {isa = PBXFileReference; explicitFileType = wrapper.application; includeInIndex = 0; path = "Health Analysis.app"; sourceTree = BUILT_PRODUCTS_DIR; };
		2EB6A3BE24D813C9002E71EF /* AppDelegate.swift */ = {isa = PBXFileReference; lastKnownFileType = sourcecode.swift; path = AppDelegate.swift; sourceTree = "<group>"; };
		2EB6A3C024D813C9002E71EF /* SceneDelegate.swift */ = {isa = PBXFileReference; lastKnownFileType = sourcecode.swift; path = SceneDelegate.swift; sourceTree = "<group>"; };
		2EB6A3C224D813C9002E71EF /* ContentView.swift */ = {isa = PBXFileReference; lastKnownFileType = sourcecode.swift; path = ContentView.swift; sourceTree = "<group>"; };
		2EB6A3C424D813CC002E71EF /* Assets.xcassets */ = {isa = PBXFileReference; lastKnownFileType = folder.assetcatalog; path = Assets.xcassets; sourceTree = "<group>"; };
		2EB6A3C724D813CC002E71EF /* Preview Assets.xcassets */ = {isa = PBXFileReference; lastKnownFileType = folder.assetcatalog; path = "Preview Assets.xcassets"; sourceTree = "<group>"; };
		2EB6A3CA24D813CC002E71EF /* Base */ = {isa = PBXFileReference; lastKnownFileType = file.storyboard; name = Base; path = Base.lproj/LaunchScreen.storyboard; sourceTree = "<group>"; };
		2EB6A3CC24D813CC002E71EF /* Info.plist */ = {isa = PBXFileReference; lastKnownFileType = text.plist.xml; path = Info.plist; sourceTree = "<group>"; };
		2EB6A3D224D820D7002E71EF /* Analysis-Heart.swift */ = {isa = PBXFileReference; lastKnownFileType = sourcecode.swift; path = "Analysis-Heart.swift"; sourceTree = "<group>"; };
		2EB6A3D624D82192002E71EF /* Heart.mlmodel */ = {isa = PBXFileReference; lastKnownFileType = file.mlmodel; name = Heart.mlmodel; path = ../../Health/Heart.mlproj/Models/Heart.mlmodel; sourceTree = "<group>"; };
/* End PBXFileReference section */

/* Begin PBXFrameworksBuildPhase section */
		2EB6A3B824D813C9002E71EF /* Frameworks */ = {
			isa = PBXFrameworksBuildPhase;
			buildActionMask = 2147483647;
			files = (
			);
			runOnlyForDeploymentPostprocessing = 0;
		};
/* End PBXFrameworksBuildPhase section */

/* Begin PBXGroup section */
		2EB6A3B224D813C9002E71EF = {
			isa = PBXGroup;
			children = (
				2EB6A3BD24D813C9002E71EF /* Health Analysis */,
				2EB6A3BC24D813C9002E71EF /* Products */,
			);
			sourceTree = "<group>";
		};
		2EB6A3BC24D813C9002E71EF /* Products */ = {
			isa = PBXGroup;
			children = (
				2EB6A3BB24D813C9002E71EF /* Health Analysis.app */,
			);
			name = Products;
			sourceTree = "<group>";
		};
		2EB6A3BD24D813C9002E71EF /* Health Analysis */ = {
			isa = PBXGroup;
			children = (
				2E96056C24D91E69009093A6 /* Diabetes.mlmodel */,
				2EB6A3D624D82192002E71EF /* Heart.mlmodel */,
				2EB6A3BE24D813C9002E71EF /* AppDelegate.swift */,
				2EB6A3C024D813C9002E71EF /* SceneDelegate.swift */,
				2EB6A3C224D813C9002E71EF /* ContentView.swift */,
				2EB6A3D224D820D7002E71EF /* Analysis-Heart.swift */,
				2EB6A3C424D813CC002E71EF /* Assets.xcassets */,
				2EB6A3C924D813CC002E71EF /* LaunchScreen.storyboard */,
				2EB6A3CC24D813CC002E71EF /* Info.plist */,
				2EB6A3C624D813CC002E71EF /* Preview Content */,
			);
			path = "Health Analysis";
			sourceTree = "<group>";
		};
		2EB6A3C624D813CC002E71EF /* Preview Content */ = {
			isa = PBXGroup;
			children = (
				2EB6A3C724D813CC002E71EF /* Preview Assets.xcassets */,
			);
			path = "Preview Content";
			sourceTree = "<group>";
		};
/* End PBXGroup section */

/* Begin PBXNativeTarget section */
		2EB6A3BA24D813C9002E71EF /* Health Analysis */ = {
			isa = PBXNativeTarget;
			buildConfigurationList = 2EB6A3CF24D813CC002E71EF /* Build configuration list for PBXNativeTarget "Health Analysis" */;
			buildPhases = (
				2EB6A3B724D813C9002E71EF /* Sources */,
				2EB6A3B824D813C9002E71EF /* Frameworks */,
				2EB6A3B924D813C9002E71EF /* Resources */,
			);
			buildRules = (
			);
			dependencies = (
			);
			name = "Health Analysis";
			productName = "Health Analysis";
			productReference = 2EB6A3BB24D813C9002E71EF /* Health Analysis.app */;
			productType = "com.apple.product-type.application";
		};
/* End PBXNativeTarget section */

/* Begin PBXProject section */
		2EB6A3B324D813C9002E71EF /* Project object */ = {
			isa = PBXProject;
			attributes = {
				LastSwiftUpdateCheck = 1160;
				LastUpgradeCheck = 1160;
				ORGANIZATIONNAME = "Yogesh Sehgal";
				TargetAttributes = {
					2EB6A3BA24D813C9002E71EF = {
						CreatedOnToolsVersion = 11.6;
					};
				};
			};
			buildConfigurationList = 2EB6A3B624D813C9002E71EF /* Build configuration list for PBXProject "Health Analysis" */;
			compatibilityVersion = "Xcode 9.3";
			developmentRegion = en;
			hasScannedForEncodings = 0;
			knownRegions = (
				en,
				Base,
			);
			mainGroup = 2EB6A3B224D813C9002E71EF;
			productRefGroup = 2EB6A3BC24D813C9002E71EF /* Products */;
			projectDirPath = "";
			projectRoot = "";
			targets = (
				2EB6A3BA24D813C9002E71EF /* Health Analysis */,
			);
		};
/* End PBXProject section */

/* Begin PBXResourcesBuildPhase section */
		2EB6A3B924D813C9002E71EF /* Resources */ = {
			isa = PBXResourcesBuildPhase;
			buildActionMask = 2147483647;
			files = (
				2EB6A3CB24D813CC002E71EF /* LaunchScreen.storyboard in Resources */,
				2EB6A3C824D813CC002E71EF /* Preview Assets.xcassets in Resources */,
				2EB6A3C524D813CC002E71EF /* Assets.xcassets in Resources */,
			);
			runOnlyForDeploymentPostprocessing = 0;
		};
/* End PBXResourcesBuildPhase section */

/* Begin PBXSourcesBuildPhase section */
		2EB6A3B724D813C9002E71EF /* Sources */ = {
			isa = PBXSourcesBuildPhase;
			buildActionMask = 2147483647;
			files = (
				2EB6A3D324D820D7002E71EF /* Analysis-Heart.swift in Sources */,
				2E96056D24D91E69009093A6 /* Diabetes.mlmodel in Sources */,
				2EB6A3BF24D813C9002E71EF /* AppDelegate.swift in Sources */,
				2EB6A3C124D813C9002E71EF /* SceneDelegate.swift in Sources */,
				2EB6A3D724D82192002E71EF /* Heart.mlmodel in Sources */,
				2EB6A3C324D813C9002E71EF /* ContentView.swift in Sources */,
			);
			runOnlyForDeploymentPostprocessing = 0;
		};
/* End PBXSourcesBuildPhase section */

/* Begin PBXVariantGroup section */
		2EB6A3C924D813CC002E71EF /* LaunchScreen.storyboard */ = {
			isa = PBXVariantGroup;
			children = (
				2EB6A3CA24D813CC002E71EF /* Base */,
			);
			name = LaunchScreen.storyboard;
			sourceTree = "<group>";
		};
/* End PBXVariantGroup section */

/* Begin XCBuildConfiguration section */
		2EB6A3CD24D813CC002E71EF /* Debug */ = {
			isa = XCBuildConfiguration;
			buildSettings = {
				ALWAYS_SEARCH_USER_PATHS = NO;
				CLANG_ANALYZER_NONNULL = YES;
				CLANG_ANALYZER_NUMBER_OBJECT_CONVERSION = YES_AGGRESSIVE;
				CLANG_CXX_LANGUAGE_STANDARD = "gnu++14";
				CLANG_CXX_LIBRARY = "libc++";
				CLANG_ENABLE_MODULES = YES;
				CLANG_ENABLE_OBJC_ARC = YES;
				CLANG_ENABLE_OBJC_WEAK = YES;
				CLANG_WARN_BLOCK_CAPTURE_AUTORELEASING = YES;
				CLANG_WARN_BOOL_CONVERSION = YES;
				CLANG_WARN_COMMA = YES;
				CLANG_WARN_CONSTANT_CONVERSION = YES;
				CLANG_WARN_DEPRECATED_OBJC_IMPLEMENTATIONS = YES;
				CLANG_WARN_DIRECT_OBJC_ISA_USAGE = YES_ERROR;
				CLANG_WARN_DOCUMENTATION_COMMENTS = YES;
				CLANG_WARN_EMPTY_BODY = YES;
				CLANG_WARN_ENUM_CONVERSION = YES;
				CLANG_WARN_INFINITE_RECURSION = YES;
				CLANG_WARN_INT_CONVERSION = YES;
				CLANG_WARN_NON_LITERAL_NULL_CONVERSION = YES;
				CLANG_WARN_OBJC_IMPLICIT_RETAIN_SELF = YES;
				CLANG_WARN_OBJC_LITERAL_CONVERSION = YES;
				CLANG_WARN_OBJC_ROOT_CLASS = YES_ERROR;
				CLANG_WARN_RANGE_LOOP_ANALYSIS = YES;
				CLANG_WARN_STRICT_PROTOTYPES = YES;
				CLANG_WARN_SUSPICIOUS_MOVE = YES;
				CLANG_WARN_UNGUARDED_AVAILABILITY = YES_AGGRESSIVE;
				CLANG_WARN_UNREACHABLE_CODE = YES;
				CLANG_WARN__DUPLICATE_METHOD_MATCH = YES;
				COPY_PHASE_STRIP = NO;
				DEBUG_INFORMATION_FORMAT = dwarf;
				ENABLE_STRICT_OBJC_MSGSEND = YES;
				ENABLE_TESTABILITY = YES;
				GCC_C_LANGUAGE_STANDARD = gnu11;
				GCC_DYNAMIC_NO_PIC = NO;
				GCC_NO_COMMON_BLOCKS = YES;
				GCC_OPTIMIZATION_LEVEL = 0;
				GCC_PREPROCESSOR_DEFINITIONS = (
					"DEBUG=1",
					"$(inherited)",
				);
				GCC_WARN_64_TO_32_BIT_CONVERSION = YES;
				GCC_WARN_ABOUT_RETURN_TYPE = YES_ERROR;
				GCC_WARN_UNDECLARED_SELECTOR = YES;
				GCC_WARN_UNINITIALIZED_AUTOS = YES_AGGRESSIVE;
				GCC_WARN_UNUSED_FUNCTION = YES;
				GCC_WARN_UNUSED_VARIABLE = YES;
				IPHONEOS_DEPLOYMENT_TARGET = 13.6;
				MTL_ENABLE_DEBUG_INFO = INCLUDE_SOURCE;
				MTL_FAST_MATH = YES;
				ONLY_ACTIVE_ARCH = YES;
				SDKROOT = iphoneos;
				SWIFT_ACTIVE_COMPILATION_CONDITIONS = DEBUG;
				SWIFT_OPTIMIZATION_LEVEL = "-Onone";
			};
			name = Debug;
		};
		2EB6A3CE24D813CC002E71EF /* Release */ = {
			isa = XCBuildConfiguration;
			buildSettings = {
				ALWAYS_SEARCH_USER_PATHS = NO;
				CLANG_ANALYZER_NONNULL = YES;
				CLANG_ANALYZER_NUMBER_OBJECT_CONVERSION = YES_AGGRESSIVE;
				CLANG_CXX_LANGUAGE_STANDARD = "gnu++14";
				CLANG_CXX_LIBRARY = "libc++";
				CLANG_ENABLE_MODULES = YES;
				CLANG_ENABLE_OBJC_ARC = YES;
				CLANG_ENABLE_OBJC_WEAK = YES;
				CLANG_WARN_BLOCK_CAPTURE_AUTORELEASING = YES;
				CLANG_WARN_BOOL_CONVERSION = YES;
				CLANG_WARN_COMMA = YES;
				CLANG_WARN_CONSTANT_CONVERSION = YES;
				CLANG_WARN_DEPRECATED_OBJC_IMPLEMENTATIONS = YES;
				CLANG_WARN_DIRECT_OBJC_ISA_USAGE = YES_ERROR;
				CLANG_WARN_DOCUMENTATION_COMMENTS = YES;
				CLANG_WARN_EMPTY_BODY = YES;
				CLANG_WARN_ENUM_CONVERSION = YES;
				CLANG_WARN_INFINITE_RECURSION = YES;
				CLANG_WARN_INT_CONVERSION = YES;
				CLANG_WARN_NON_LITERAL_NULL_CONVERSION = YES;
				CLANG_WARN_OBJC_IMPLICIT_RETAIN_SELF = YES;
				CLANG_WARN_OBJC_LITERAL_CONVERSION = YES;
				CLANG_WARN_OBJC_ROOT_CLASS = YES_ERROR;
				CLANG_WARN_RANGE_LOOP_ANALYSIS = YES;
				CLANG_WARN_STRICT_PROTOTYPES = YES;
				CLANG_WARN_SUSPICIOUS_MOVE = YES;
				CLANG_WARN_UNGUARDED_AVAILABILITY = YES_AGGRESSIVE;
				CLANG_WARN_UNREACHABLE_CODE = YES;
				CLANG_WARN__DUPLICATE_METHOD_MATCH = YES;
				COPY_PHASE_STRIP = NO;
				DEBUG_INFORMATION_FORMAT = "dwarf-with-dsym";
				ENABLE_NS_ASSERTIONS = NO;
				ENABLE_STRICT_OBJC_MSGSEND = YES;
				GCC_C_LANGUAGE_STANDARD = gnu11;
				GCC_NO_COMMON_BLOCKS = YES;
				GCC_WARN_64_TO_32_BIT_CONVERSION = YES;
				GCC_WARN_ABOUT_RETURN_TYPE = YES_ERROR;
				GCC_WARN_UNDECLARED_SELECTOR = YES;
				GCC_WARN_UNINITIALIZED_AUTOS = YES_AGGRESSIVE;
				GCC_WARN_UNUSED_FUNCTION = YES;
				GCC_WARN_UNUSED_VARIABLE = YES;
				IPHONEOS_DEPLOYMENT_TARGET = 13.6;
				MTL_ENABLE_DEBUG_INFO = NO;
				MTL_FAST_MATH = YES;
				SDKROOT = iphoneos;
				SWIFT_COMPILATION_MODE = wholemodule;
				SWIFT_OPTIMIZATION_LEVEL = "-O";
				VALIDATE_PRODUCT = YES;
			};
			name = Release;
		};
		2EB6A3D024D813CC002E71EF /* Debug */ = {
			isa = XCBuildConfiguration;
			buildSettings = {
				ASSETCATALOG_COMPILER_APPICON_NAME = AppIcon;
				CODE_SIGN_STYLE = Automatic;
				DEVELOPMENT_ASSET_PATHS = "\"Health Analysis/Preview Content\"";
				DEVELOPMENT_TEAM = NA48AH3W7D;
				ENABLE_PREVIEWS = YES;
				INFOPLIST_FILE = "Health Analysis/Info.plist";
				LD_RUNPATH_SEARCH_PATHS = (
					"$(inherited)",
					"@executable_path/Frameworks",
				);
				PRODUCT_BUNDLE_IDENTIFIER = "com.JCND.Health-Analysis";
				PRODUCT_NAME = "$(TARGET_NAME)";
				SWIFT_VERSION = 5.0;
				TARGETED_DEVICE_FAMILY = "1,2";
			};
			name = Debug;
		};
		2EB6A3D124D813CC002E71EF /* Release */ = {
			isa = XCBuildConfiguration;
			buildSettings = {
				ASSETCATALOG_COMPILER_APPICON_NAME = AppIcon;
				CODE_SIGN_STYLE = Automatic;
				DEVELOPMENT_ASSET_PATHS = "\"Health Analysis/Preview Content\"";
				DEVELOPMENT_TEAM = NA48AH3W7D;
				ENABLE_PREVIEWS = YES;
				INFOPLIST_FILE = "Health Analysis/Info.plist";
				LD_RUNPATH_SEARCH_PATHS = (
					"$(inherited)",
					"@executable_path/Frameworks",
				);
				PRODUCT_BUNDLE_IDENTIFIER = "com.JCND.Health-Analysis";
				PRODUCT_NAME = "$(TARGET_NAME)";
				SWIFT_VERSION = 5.0;
				TARGETED_DEVICE_FAMILY = "1,2";
			};
			name = Release;
		};
/* End XCBuildConfiguration section */

/* Begin XCConfigurationList section */
		2EB6A3B624D813C9002E71EF /* Build configuration list for PBXProject "Health Analysis" */ = {
			isa = XCConfigurationList;
			buildConfigurations = (
				2EB6A3CD24D813CC002E71EF /* Debug */,
				2EB6A3CE24D813CC002E71EF /* Release */,
			);
			defaultConfigurationIsVisible = 0;
			defaultConfigurationName = Release;
		};
		2EB6A3CF24D813CC002E71EF /* Build configuration list for PBXNativeTarget "Health Analysis" */ = {
			isa = XCConfigurationList;
			buildConfigurations = (
				2EB6A3D024D813CC002E71EF /* Debug */,
				2EB6A3D124D813CC002E71EF /* Release */,
			);
			defaultConfigurationIsVisible = 0;
			defaultConfigurationName = Release;
		};
/* End XCConfigurationList section */
	};
	rootObject = 2EB6A3B324D813C9002E71EF /* Project object */;
}
